// !$*UTF8*$!
{
	archiveVersion = 1;
	classes = {
	};
	objectVersion = 46;
	objects = {

/* Begin PBXBuildFile section */
		290DB6611C84C1CE0064A39A /* AppDelegate.swift in Sources */ = {isa = PBXBuildFile; fileRef = 290DB6601C84C1CE0064A39A /* AppDelegate.swift */; };
		290DB6631C84C1CE0064A39A /* ViewController.swift in Sources */ = {isa = PBXBuildFile; fileRef = 290DB6621C84C1CE0064A39A /* ViewController.swift */; };
		290DB6661C84C1CE0064A39A /* Main.storyboard in Resources */ = {isa = PBXBuildFile; fileRef = 290DB6641C84C1CE0064A39A /* Main.storyboard */; };
		290DB6681C84C1CE0064A39A /* Assets.xcassets in Resources */ = {isa = PBXBuildFile; fileRef = 290DB6671C84C1CE0064A39A /* Assets.xcassets */; };
		290DB66B1C84C1CE0064A39A /* LaunchScreen.storyboard in Resources */ = {isa = PBXBuildFile; fileRef = 290DB6691C84C1CE0064A39A /* LaunchScreen.storyboard */; };
		290DB6761C84C1CF0064A39A /* Pitch_PerfectTests.swift in Sources */ = {isa = PBXBuildFile; fileRef = 290DB6751C84C1CF0064A39A /* Pitch_PerfectTests.swift */; };
		290DB6811C84C1CF0064A39A /* Pitch_PerfectUITests.swift in Sources */ = {isa = PBXBuildFile; fileRef = 290DB6801C84C1CF0064A39A /* Pitch_PerfectUITests.swift */; };
/* End PBXBuildFile section */

/* Begin PBXContainerItemProxy section */
		290DB6721C84C1CF0064A39A /* PBXContainerItemProxy */ = {
			isa = PBXContainerItemProxy;
			containerPortal = 290DB6551C84C1CE0064A39A /* Project object */;
			proxyType = 1;
			remoteGlobalIDString = 290DB65C1C84C1CE0064A39A;
			remoteInfo = "Pitch Perfect";
		};
		290DB67D1C84C1CF0064A39A /* PBXContainerItemProxy */ = {
			isa = PBXContainerItemProxy;
			containerPortal = 290DB6551C84C1CE0064A39A /* Project object */;
			proxyType = 1;
			remoteGlobalIDString = 290DB65C1C84C1CE0064A39A;
			remoteInfo = "Pitch Perfect";
		};
/* End PBXContainerItemProxy section */

/* Begin PBXFileReference section */
		290DB65D1C84C1CE0064A39A /* Pitch Perfect.app */ = {isa = PBXFileReference; explicitFileType = wrapper.application; includeInIndex = 0; path = "Pitch Perfect.app"; sourceTree = BUILT_PRODUCTS_DIR; };
		290DB6601C84C1CE0064A39A /* AppDelegate.swift */ = {isa = PBXFileReference; lastKnownFileType = sourcecode.swift; path = AppDelegate.swift; sourceTree = "<group>"; };
		290DB6621C84C1CE0064A39A /* ViewController.swift */ = {isa = PBXFileReference; lastKnownFileType = sourcecode.swift; path = ViewController.swift; sourceTree = "<group>"; };
		290DB6651C84C1CE0064A39A /* Base */ = {isa = PBXFileReference; lastKnownFileType = file.storyboard; name = Base; path = Base.lproj/Main.storyboard; sourceTree = "<group>"; };
		290DB6671C84C1CE0064A39A /* Assets.xcassets */ = {isa = PBXFileReference; lastKnownFileType = folder.assetcatalog; path = Assets.xcassets; sourceTree = "<group>"; };
		290DB66A1C84C1CE0064A39A /* Base */ = {isa = PBXFileReference; lastKnownFileType = file.storyboard; name = Base; path = Base.lproj/LaunchScreen.storyboard; sourceTree = "<group>"; };
		290DB66C1C84C1CE0064A39A /* Info.plist */ = {isa = PBXFileReference; lastKnownFileType = text.plist.xml; path = Info.plist; sourceTree = "<group>"; };
		290DB6711C84C1CF0064A39A /* Pitch PerfectTests.xctest */ = {isa = PBXFileReference; explicitFileType = wrapper.cfbundle; includeInIndex = 0; path = "Pitch PerfectTests.xctest"; sourceTree = BUILT_PRODUCTS_DIR; };
		290DB6751C84C1CF0064A39A /* Pitch_PerfectTests.swift */ = {isa = PBXFileReference; lastKnownFileType = sourcecode.swift; path = Pitch_PerfectTests.swift; sourceTree = "<group>"; };
		290DB6771C84C1CF0064A39A /* Info.plist */ = {isa = PBXFileReference; lastKnownFileType = text.plist.xml; path = Info.plist; sourceTree = "<group>"; };
		290DB67C1C84C1CF0064A39A /* Pitch PerfectUITests.xctest */ = {isa = PBXFileReference; explicitFileType = wrapper.cfbundle; includeInIndex = 0; path = "Pitch PerfectUITests.xctest"; sourceTree = BUILT_PRODUCTS_DIR; };
		290DB6801C84C1CF0064A39A /* Pitch_PerfectUITests.swift */ = {isa = PBXFileReference; lastKnownFileType = sourcecode.swift; path = Pitch_PerfectUITests.swift; sourceTree = "<group>"; };
		290DB6821C84C1CF0064A39A /* Info.plist */ = {isa = PBXFileReference; lastKnownFileType = text.plist.xml; path = Info.plist; sourceTree = "<group>"; };
/* End PBXFileReference section */

/* Begin PBXFrameworksBuildPhase section */
		290DB65A1C84C1CE0064A39A /* Frameworks */ = {
			isa = PBXFrameworksBuildPhase;
			buildActionMask = 2147483647;
			files = (
			);
			runOnlyForDeploymentPostprocessing = 0;
		};
		290DB66E1C84C1CF0064A39A /* Frameworks */ = {
			isa = PBXFrameworksBuildPhase;
			buildActionMask = 2147483647;
			files = (
			);
			runOnlyForDeploymentPostprocessing = 0;
		};
		290DB6791C84C1CF0064A39A /* Frameworks */ = {
			isa = PBXFrameworksBuildPhase;
			buildActionMask = 2147483647;
			files = (
			);
			runOnlyForDeploymentPostprocessing = 0;
		};
/* End PBXFrameworksBuildPhase section */

/* Begin PBXGroup section */
		290DB6541C84C1CE0064A39A = {
			isa = PBXGroup;
			children = (
				290DB65F1C84C1CE0064A39A /* Pitch Perfect */,
				290DB6741C84C1CF0064A39A /* Pitch PerfectTests */,
				290DB67F1C84C1CF0064A39A /* Pitch PerfectUITests */,
				290DB65E1C84C1CE0064A39A /* Products */,
			);
			sourceTree = "<group>";
		};
		290DB65E1C84C1CE0064A39A /* Products */ = {
			isa = PBXGroup;
			children = (
				290DB65D1C84C1CE0064A39A /* Pitch Perfect.app */,
				290DB6711C84C1CF0064A39A /* Pitch PerfectTests.xctest */,
				290DB67C1C84C1CF0064A39A /* Pitch PerfectUITests.xctest */,
			);
			name = Products;
			sourceTree = "<group>";
		};
		290DB65F1C84C1CE0064A39A /* Pitch Perfect */ = {
			isa = PBXGroup;
			children = (
				290DB6601C84C1CE0064A39A /* AppDelegate.swift */,
				290DB6621C84C1CE0064A39A /* ViewController.swift */,
				290DB6641C84C1CE0064A39A /* Main.storyboard */,
				290DB6671C84C1CE0064A39A /* Assets.xcassets */,
				290DB6691C84C1CE0064A39A /* LaunchScreen.storyboard */,
				290DB66C1C84C1CE0064A39A /* Info.plist */,
			);
			path = "Pitch Perfect";
			sourceTree = "<group>";
		};
		290DB6741C84C1CF0064A39A /* Pitch PerfectTests */ = {
			isa = PBXGroup;
			children = (
				290DB6751C84C1CF0064A39A /* Pitch_PerfectTests.swift */,
				290DB6771C84C1CF0064A39A /* Info.plist */,
			);
			path = "Pitch PerfectTests";
			sourceTree = "<group>";
		};
		290DB67F1C84C1CF0064A39A /* Pitch PerfectUITests */ = {
			isa = PBXGroup;
			children = (
				290DB6801C84C1CF0064A39A /* Pitch_PerfectUITests.swift */,
				290DB6821C84C1CF0064A39A /* Info.plist */,
			);
			path = "Pitch PerfectUITests";
			sourceTree = "<group>";
		};
/* End PBXGroup section */

/* Begin PBXNativeTarget section */
		290DB65C1C84C1CE0064A39A /* Pitch Perfect */ = {
			isa = PBXNativeTarget;
			buildConfigurationList = 290DB6851C84C1CF0064A39A /* Build configuration list for PBXNativeTarget "Pitch Perfect" */;
			buildPhases = (
				290DB6591C84C1CE0064A39A /* Sources */,
				290DB65A1C84C1CE0064A39A /* Frameworks */,
				290DB65B1C84C1CE0064A39A /* Resources */,
			);
			buildRules = (
			);
			dependencies = (
			);
			name = "Pitch Perfect";
			productName = "Pitch Perfect";
			productReference = 290DB65D1C84C1CE0064A39A /* Pitch Perfect.app */;
			productType = "com.apple.product-type.application";
		};
		290DB6701C84C1CF0064A39A /* Pitch PerfectTests */ = {
			isa = PBXNativeTarget;
			buildConfigurationList = 290DB6881C84C1CF0064A39A /* Build configuration list for PBXNativeTarget "Pitch PerfectTests" */;
			buildPhases = (
				290DB66D1C84C1CF0064A39A /* Sources */,
				290DB66E1C84C1CF0064A39A /* Frameworks */,
				290DB66F1C84C1CF0064A39A /* Resources */,
			);
			buildRules = (
			);
			dependencies = (
				290DB6731C84C1CF0064A39A /* PBXTargetDependency */,
			);
			name = "Pitch PerfectTests";
			productName = "Pitch PerfectTests";
			productReference = 290DB6711C84C1CF0064A39A /* Pitch PerfectTests.xctest */;
			productType = "com.apple.product-type.bundle.unit-test";
		};
		290DB67B1C84C1CF0064A39A /* Pitch PerfectUITests */ = {
			isa = PBXNativeTarget;
			buildConfigurationList = 290DB68B1C84C1CF0064A39A /* Build configuration list for PBXNativeTarget "Pitch PerfectUITests" */;
			buildPhases = (
				290DB6781C84C1CF0064A39A /* Sources */,
				290DB6791C84C1CF0064A39A /* Frameworks */,
				290DB67A1C84C1CF0064A39A /* Resources */,
			);
			buildRules = (
			);
			dependencies = (
				290DB67E1C84C1CF0064A39A /* PBXTargetDependency */,
			);
			name = "Pitch PerfectUITests";
			productName = "Pitch PerfectUITests";
			productReference = 290DB67C1C84C1CF0064A39A /* Pitch PerfectUITests.xctest */;
			productType = "com.apple.product-type.bundle.ui-testing";
		};
/* End PBXNativeTarget section */

/* Begin PBXProject section */
		290DB6551C84C1CE0064A39A /* Project object */ = {
			isa = PBXProject;
			attributes = {
				LastSwiftUpdateCheck = 0720;
				LastUpgradeCheck = 0720;
				ORGANIZATIONNAME = jonbrown;
				TargetAttributes = {
					290DB65C1C84C1CE0064A39A = {
						CreatedOnToolsVersion = 7.2;
					};
					290DB6701C84C1CF0064A39A = {
						CreatedOnToolsVersion = 7.2;
						TestTargetID = 290DB65C1C84C1CE0064A39A;
					};
					290DB67B1C84C1CF0064A39A = {
						CreatedOnToolsVersion = 7.2;
						TestTargetID = 290DB65C1C84C1CE0064A39A;
					};
				};
			};
			buildConfigurationList = 290DB6581C84C1CE0064A39A /* Build configuration list for PBXProject "Pitch Perfect" */;
			compatibilityVersion = "Xcode 3.2";
			developmentRegion = English;
			hasScannedForEncodings = 0;
			knownRegions = (
				en,
				Base,
			);
			mainGroup = 290DB6541C84C1CE0064A39A;
			productRefGroup = 290DB65E1C84C1CE0064A39A /* Products */;
			projectDirPath = "";
			projectRoot = "";
			targets = (
				290DB65C1C84C1CE0064A39A /* Pitch Perfect */,
				290DB6701C84C1CF0064A39A /* Pitch PerfectTests */,
				290DB67B1C84C1CF0064A39A /* Pitch PerfectUITests */,
			);
		};
/* End PBXProject section */

/* Begin PBXResourcesBuildPhase section */
		290DB65B1C84C1CE0064A39A /* Resources */ = {
			isa = PBXResourcesBuildPhase;
			buildActionMask = 2147483647;
			files = (
				290DB66B1C84C1CE0064A39A /* LaunchScreen.storyboard in Resources */,
				290DB6681C84C1CE0064A39A /* Assets.xcassets in Resources */,
				290DB6661C84C1CE0064A39A /* Main.storyboard in Resources */,
			);
			runOnlyForDeploymentPostprocessing = 0;
		};
		290DB66F1C84C1CF0064A39A /* Resources */ = {
			isa = PBXResourcesBuildPhase;
			buildActionMask = 2147483647;
			files = (
			);
			runOnlyForDeploymentPostprocessing = 0;
		};
		290DB67A1C84C1CF0064A39A /* Resources */ = {
			isa = PBXResourcesBuildPhase;
			buildActionMask = 2147483647;
			files = (
			);
			runOnlyForDeploymentPostprocessing = 0;
		};
/* End PBXResourcesBuildPhase section */

/* Begin PBXSourcesBuildPhase section */
		290DB6591C84C1CE0064A39A /* Sources */ = {
			isa = PBXSourcesBuildPhase;
			buildActionMask = 2147483647;
			files = (
				290DB6631C84C1CE0064A39A /* ViewController.swift in Sources */,
				290DB6611C84C1CE0064A39A /* AppDelegate.swift in Sources */,
			);
			runOnlyForDeploymentPostprocessing = 0;
		};
		290DB66D1C84C1CF0064A39A /* Sources */ = {
			isa = PBXSourcesBuildPhase;
			buildActionMask = 2147483647;
			files = (
				290DB6761C84C1CF0064A39A /* Pitch_PerfectTests.swift in Sources */,
			);
			runOnlyForDeploymentPostprocessing = 0;
		};
		290DB6781C84C1CF0064A39A /* Sources */ = {
			isa = PBXSourcesBuildPhase;
			buildActionMask = 2147483647;
			files = (
				290DB6811C84C1CF0064A39A /* Pitch_PerfectUITests.swift in Sources */,
			);
			runOnlyForDeploymentPostprocessing = 0;
		};
/* End PBXSourcesBuildPhase section */

/* Begin PBXTargetDependency section */
		290DB6731C84C1CF0064A39A /* PBXTargetDependency */ = {
			isa = PBXTargetDependency;
			target = 290DB65C1C84C1CE0064A39A /* Pitch Perfect */;
			targetProxy = 290DB6721C84C1CF0064A39A /* PBXContainerItemProxy */;
		};
		290DB67E1C84C1CF0064A39A /* PBXTargetDependency */ = {
			isa = PBXTargetDependency;
			target = 290DB65C1C84C1CE0064A39A /* Pitch Perfect */;
			targetProxy = 290DB67D1C84C1CF0064A39A /* PBXContainerItemProxy */;
		};
/* End PBXTargetDependency section */

/* Begin PBXVariantGroup section */
		290DB6641C84C1CE0064A39A /* Main.storyboard */ = {
			isa = PBXVariantGroup;
			children = (
				290DB6651C84C1CE0064A39A /* Base */,
			);
			name = Main.storyboard;
			sourceTree = "<group>";
		};
		290DB6691C84C1CE0064A39A /* LaunchScreen.storyboard */ = {
			isa = PBXVariantGroup;
			children = (
				290DB66A1C84C1CE0064A39A /* Base */,
			);
			name = LaunchScreen.storyboard;
			sourceTree = "<group>";
		};
/* End PBXVariantGroup section */

/* Begin XCBuildConfiguration section */
		290DB6831C84C1CF0064A39A /* Debug */ = {
			isa = XCBuildConfiguration;
			buildSettings = {
				ALWAYS_SEARCH_USER_PATHS = NO;
				CLANG_CXX_LANGUAGE_STANDARD = "gnu++0x";
				CLANG_CXX_LIBRARY = "libc++";
				CLANG_ENABLE_MODULES = YES;
				CLANG_ENABLE_OBJC_ARC = YES;
				CLANG_WARN_BOOL_CONVERSION = YES;
				CLANG_WARN_CONSTANT_CONVERSION = YES;
				CLANG_WARN_DIRECT_OBJC_ISA_USAGE = YES_ERROR;
				CLANG_WARN_EMPTY_BODY = YES;
				CLANG_WARN_ENUM_CONVERSION = YES;
				CLANG_WARN_INT_CONVERSION = YES;
				CLANG_WARN_OBJC_ROOT_CLASS = YES_ERROR;
				CLANG_WARN_UNREACHABLE_CODE = YES;
				CLANG_WARN__DUPLICATE_METHOD_MATCH = YES;
				"CODE_SIGN_IDENTITY[sdk=iphoneos*]" = "iPhone Developer";
				COPY_PHASE_STRIP = NO;
				DEBUG_INFORMATION_FORMAT = dwarf;
				ENABLE_STRICT_OBJC_MSGSEND = YES;
				ENABLE_TESTABILITY = YES;
				GCC_C_LANGUAGE_STANDARD = gnu99;
				GCC_DYNAMIC_NO_PIC = NO;
				GCC_NO_COMMON_BLOCKS = YES;
				GCC_OPTIMIZATION_LEVEL = 0;
				GCC_PREPROCESSOR_DEFINITIONS = (
					"DEBUG=1",
					"$(inherited)",
				);
				GCC_WARN_64_TO_32_BIT_CONVERSION = YES;
				GCC_WARN_ABOUT_RETURN_TYPE = YES_ERROR;
				GCC_WARN_UNDECLARED_SELECTOR = YES;
				GCC_WARN_UNINITIALIZED_AUTOS = YES_AGGRESSIVE;
				GCC_WARN_UNUSED_FUNCTION = YES;
				GCC_WARN_UNUSED_VARIABLE = YES;
				IPHONEOS_DEPLOYMENT_TARGET = 9.2;
				MTL_ENABLE_DEBUG_INFO = YES;
				ONLY_ACTIVE_ARCH = YES;
				SDKROOT = iphoneos;
				SWIFT_OPTIMIZATION_LEVEL = "-Onone";
				TARGETED_DEVICE_FAMILY = "1,2";
			};
			name = Debug;
		};
		290DB6841C84C1CF0064A39A /* Release */ = {
			isa = XCBuildConfiguration;
			buildSettings = {
				ALWAYS_SEARCH_USER_PATHS = NO;
				CLANG_CXX_LANGUAGE_STANDARD = "gnu++0x";
				CLANG_CXX_LIBRARY = "libc++";
				CLANG_ENABLE_MODULES = YES;
				CLANG_ENABLE_OBJC_ARC = YES;
				CLANG_WARN_BOOL_CONVERSION = YES;
				CLANG_WARN_CONSTANT_CONVERSION = YES;
				CLANG_WARN_DIRECT_OBJC_ISA_USAGE = YES_ERROR;
				CLANG_WARN_EMPTY_BODY = YES;
				CLANG_WARN_ENUM_CONVERSION = YES;
				CLANG_WARN_INT_CONVERSION = YES;
				CLANG_WARN_OBJC_ROOT_CLASS = YES_ERROR;
				CLANG_WARN_UNREACHABLE_CODE = YES;
				CLANG_WARN__DUPLICATE_METHOD_MATCH = YES;
				"CODE_SIGN_IDENTITY[sdk=iphoneos*]" = "iPhone Developer";
				COPY_PHASE_STRIP = NO;
				DEBUG_INFORMATION_FORMAT = "dwarf-with-dsym";
				ENABLE_NS_ASSERTIONS = NO;
				ENABLE_STRICT_OBJC_MSGSEND = YES;
				GCC_C_LANGUAGE_STANDARD = gnu99;
				GCC_NO_COMMON_BLOCKS = YES;
				GCC_WARN_64_TO_32_BIT_CONVERSION = YES;
				GCC_WARN_ABOUT_RETURN_TYPE = YES_ERROR;
				GCC_WARN_UNDECLARED_SELECTOR = YES;
				GCC_WARN_UNINITIALIZED_AUTOS = YES_AGGRESSIVE;
				GCC_WARN_UNUSED_FUNCTION = YES;
				GCC_WARN_UNUSED_VARIABLE = YES;
				IPHONEOS_DEPLOYMENT_TARGET = 9.2;
				MTL_ENABLE_DEBUG_INFO = NO;
				SDKROOT = iphoneos;
				TARGETED_DEVICE_FAMILY = "1,2";
				VALIDATE_PRODUCT = YES;
			};
			name = Release;
		};
		290DB6861C84C1CF0064A39A /* Debug */ = {
			isa = XCBuildConfiguration;
			buildSettings = {
				ASSETCATALOG_COMPILER_APPICON_NAME = AppIcon;
				INFOPLIST_FILE = "Pitch Perfect/Info.plist";
				LD_RUNPATH_SEARCH_PATHS = "$(inherited) @executable_path/Frameworks";
				PRODUCT_BUNDLE_IDENTIFIER = "jonbrown.Pitch-Perfect";
				PRODUCT_NAME = "$(TARGET_NAME)";
			};
			name = Debug;
		};
		290DB6871C84C1CF0064A39A /* Release */ = {
			isa = XCBuildConfiguration;
			buildSettings = {
				ASSETCATALOG_COMPILER_APPICON_NAME = AppIcon;
				INFOPLIST_FILE = "Pitch Perfect/Info.plist";
				LD_RUNPATH_SEARCH_PATHS = "$(inherited) @executable_path/Frameworks";
				PRODUCT_BUNDLE_IDENTIFIER = "jonbrown.Pitch-Perfect";
				PRODUCT_NAME = "$(TARGET_NAME)";
			};
			name = Release;
		};
		290DB6891C84C1CF0064A39A /* Debug */ = {
			isa = XCBuildConfiguration;
			buildSettings = {
				BUNDLE_LOADER = "$(TEST_HOST)";
				INFOPLIST_FILE = "Pitch PerfectTests/Info.plist";
				LD_RUNPATH_SEARCH_PATHS = "$(inherited) @executable_path/Frameworks @loader_path/Frameworks";
				PRODUCT_BUNDLE_IDENTIFIER = "jonbrown.Pitch-PerfectTests";
				PRODUCT_NAME = "$(TARGET_NAME)";
				TEST_HOST = "$(BUILT_PRODUCTS_DIR)/Pitch Perfect.app/Pitch Perfect";
			};
			name = Debug;
		};
		290DB68A1C84C1CF0064A39A /* Release */ = {
			isa = XCBuildConfiguration;
			buildSettings = {
				BUNDLE_LOADER = "$(TEST_HOST)";
				INFOPLIST_FILE = "Pitch PerfectTests/Info.plist";
				LD_RUNPATH_SEARCH_PATHS = "$(inherited) @executable_path/Frameworks @loader_path/Frameworks";
				PRODUCT_BUNDLE_IDENTIFIER = "jonbrown.Pitch-PerfectTests";
				PRODUCT_NAME = "$(TARGET_NAME)";
				TEST_HOST = "$(BUILT_PRODUCTS_DIR)/Pitch Perfect.app/Pitch Perfect";
			};
			name = Release;
		};
		290DB68C1C84C1CF0064A39A /* Debug */ = {
			isa = XCBuildConfiguration;
			buildSettings = {
				INFOPLIST_FILE = "Pitch PerfectUITests/Info.plist";
				LD_RUNPATH_SEARCH_PATHS = "$(inherited) @executable_path/Frameworks @loader_path/Frameworks";
				PRODUCT_BUNDLE_IDENTIFIER = "jonbrown.Pitch-PerfectUITests";
				PRODUCT_NAME = "$(TARGET_NAME)";
				TEST_TARGET_NAME = "Pitch Perfect";
				USES_XCTRUNNER = YES;
			};
			name = Debug;
		};
		290DB68D1C84C1CF0064A39A /* Release */ = {
			isa = XCBuildConfiguration;
			buildSettings = {
				INFOPLIST_FILE = "Pitch PerfectUITests/Info.plist";
				LD_RUNPATH_SEARCH_PATHS = "$(inherited) @executable_path/Frameworks @loader_path/Frameworks";
				PRODUCT_BUNDLE_IDENTIFIER = "jonbrown.Pitch-PerfectUITests";
				PRODUCT_NAME = "$(TARGET_NAME)";
				TEST_TARGET_NAME = "Pitch Perfect";
				USES_XCTRUNNER = YES;
			};
			name = Release;
		};
/* End XCBuildConfiguration section */

/* Begin XCConfigurationList section */
		290DB6581C84C1CE0064A39A /* Build configuration list for PBXProject "Pitch Perfect" */ = {
			isa = XCConfigurationList;
			buildConfigurations = (
				290DB6831C84C1CF0064A39A /* Debug */,
				290DB6841C84C1CF0064A39A /* Release */,
			);
			defaultConfigurationIsVisible = 0;
			defaultConfigurationName = Release;
		};
		290DB6851C84C1CF0064A39A /* Build configuration list for PBXNativeTarget "Pitch Perfect" */ = {
			isa = XCConfigurationList;
			buildConfigurations = (
				290DB6861C84C1CF0064A39A /* Debug */,
				290DB6871C84C1CF0064A39A /* Release */,
			);
			defaultConfigurationIsVisible = 0;
		};
		290DB6881C84C1CF0064A39A /* Build configuration list for PBXNativeTarget "Pitch PerfectTests" */ = {
			isa = XCConfigurationList;
			buildConfigurations = (
				290DB6891C84C1CF0064A39A /* Debug */,
				290DB68A1C84C1CF0064A39A /* Release */,
			);
			defaultConfigurationIsVisible = 0;
		};
		290DB68B1C84C1CF0064A39A /* Build configuration list for PBXNativeTarget "Pitch PerfectUITests" */ = {
			isa = XCConfigurationList;
			buildConfigurations = (
				290DB68C1C84C1CF0064A39A /* Debug */,
				290DB68D1C84C1CF0064A39A /* Release */,
			);
			defaultConfigurationIsVisible = 0;
		};
/* End XCConfigurationList section */
	};
	rootObject = 290DB6551C84C1CE0064A39A /* Project object */;
}
